# This file is automatically @generated by Poetry 1.5.1 and should not be changed by hand.

[[package]]
name = "dycw-utilities"
version = "0.13.11"
description = ""
optional = false
python-versions = ">=3.10"
files = [
    {file = "dycw_utilities-0.13.11-py3-none-any.whl", hash = "sha256:ff1ed6d58180f384856c63df7f369e983a32fcf740325cb8ad66f23f1ca21124"},
    {file = "dycw_utilities-0.13.11.tar.gz", hash = "sha256:03b187aa1c55ecdc47cf759cdbb17499a6b12fa426f810cf2f47b393af0f2b9d"},
]

[package.dependencies]
typing-extensions = ">=4.8.0"

[package.extras]
airium = ["airium (>=0.2.6)"]
atomicwrites = ["atomicwrites (>=1.4.1)"]
attrs = ["attrs (>=23.1.0)"]
beartype = ["beartype (>=0.16.2)"]
bidict = ["bidict (>=0.22.1)"]
click = ["click (>=8.1.7)"]
cryptography = ["cryptography (>=41.0.4)"]
cvxpy = ["cvxpy (>=1.3.1)"]
dev = ["airium (>=0.2.6)", "atomicwrites (>=1.4.1)", "attrs (>=23.1.0)", "beartype (>=0.16.2)", "bidict (>=0.22.1)", "bottleneck (>=1.3.7)", "click (>=8.1.7)", "coverage-conditional-plugin", "cryptography (>=41.0.4)", "cvxpy (>=1.3.1)", "cx-oracle", "exceptiongroup (>=1.1.3)", "fastapi (>=0.103.0)", "fastparquet (>=2023.8.0)", "fpdf2 (>=2.7.5)", "freezegun", "hatch", "hatch (>=1.7.0)", "holoviews (>=1.17.1)", "hypothesis (>=6.87.3)", "hypothesis-sqlalchemy", "loguru (>=0.7.2)", "luigi (>=3.4.0)", "memory-profiler (>=0.61.0)", "more-itertools (>=10.1.0)", "mysqlclient", "nox", "numba (>=0.58.0)", "numpy (>=1.25.2)", "pandas (>=2.1.1)", "pip-tools", "pqdm (>=0.2.0)", "psutil (>=5.9.5)", "psycopg2-binary", "pyinstrument (>=4.5.3)", "pyodbc", "pypiserver[passlib] (>=2.0.1)", "pytest (>=7.4.0)", "pytest-check (>=2.2.2)", "pytest-cov (>=4.1.0)", "pytest-instafail (>=0.5.0)", "pytest-randomly (>=3.15.0)", "pytest-rerunfailures (>=12.0)", "pytest-xdist (>=3.3.1)", "scipy (>=1.11.3)", "selenium (>=4.12.0)", "semver (>=3.0.0)", "sqlalchemy (>=2.0.21)", "timeout-decorator (>=0.5.0)", "tqdm (>=4.66.1)", "typed-settings[click] (>=23.0.0)", "xarray (>=2023.9.0)", "zarr (>=2.16.1)"]
fastapi = ["fastapi (>=0.103.0)"]
fastparquet = ["atomicwrites (>=1.4.1)", "fastparquet (>=2023.8.0)"]
fpdf2 = ["atomicwrites (>=1.4.1)", "fpdf2 (>=2.7.5)", "holoviews (>=1.17.1)", "selenium (>=4.12.0)"]
hatch = ["hatch (>=1.7.0)"]
holoviews = ["atomicwrites (>=1.4.1)", "holoviews (>=1.17.1)", "selenium (>=4.12.0)"]
hypothesis = ["hypothesis (>=6.87.3)"]
loguru = ["loguru (>=0.7.2)"]
luigi = ["luigi (>=3.4.0)"]
memory-profiler = ["memory-profiler (>=0.61.0)"]
more-itertools = ["more-itertools (>=10.1.0)"]
numpy = ["numba (>=0.58.0)", "numpy (>=1.25.2)"]
pandas = ["pandas (>=2.1.1)"]
pqdm = ["pqdm (>=0.2.0)"]
psutil = ["psutil (>=5.9.5)"]
pyinstrument = ["atomicwrites (>=1.4.1)", "pyinstrument (>=4.5.3)"]
pypi = ["loguru (>=0.7.2)", "pypiserver[passlib] (>=2.0.1)", "typed-settings[click] (>=23.0.0)"]
pytest = ["atomicwrites (>=1.4.1)", "pytest (>=7.4.0)"]
pytest-check = ["pytest-check (>=2.2.2)"]
scipy = ["scipy (>=1.11.3)"]
scripts = ["loguru (>=0.7.2)", "typed-settings[click] (>=23.0.0)"]
semver = ["semver (>=3.0.0)"]
sqlalchemy = ["bidict (>=0.22.1)", "more-itertools (>=10.1.0)", "sqlalchemy (>=2.0.21)", "timeout-decorator (>=0.5.0)"]
test = ["atomicwrites (>=1.4.1)", "exceptiongroup (>=1.1.3)", "hypothesis (>=6.87.3)", "pytest (>=7.4.0)", "pytest-check (>=2.2.2)", "pytest-cov (>=4.1.0)", "pytest-instafail (>=0.5.0)", "pytest-randomly (>=3.15.0)", "pytest-rerunfailures (>=12.0)", "pytest-xdist (>=3.3.1)"]
tqdm = ["tqdm (>=4.66.1)"]
typed-settings = ["typed-settings[click] (>=23.0.0)"]
xarray = ["bottleneck (>=1.3.7)", "numba (>=0.58.0)", "xarray (>=2023.9.0)"]
zarr = ["atomicwrites (>=1.4.1)", "zarr (>=2.16.1)"]

[[package]]
name = "typing-extensions"
version = "4.8.0"
description = "Backported and Experimental Type Hints for Python 3.8+"
optional = false
python-versions = ">=3.8"
files = [
    {file = "typing_extensions-4.8.0-py3-none-any.whl", hash = "sha256:8f92fc8806f9a6b641eaa5318da32b44d401efaac0f6678c9bc448ba3605faa0"},
    {file = "typing_extensions-4.8.0.tar.gz", hash = "sha256:df8e4339e9cb77357558cbdbceca33c303714cf861d1eef15e1070055ae8b7ef"},
]

[metadata]
lock-version = "2.0"
python-versions = ">=3.10.0,<3.11"
content-hash = "02fd2e9c88e6b2be54fae3bafc6fcd9d91871385a55c05358d8ea64138cdb71a"
